// !$*UTF8*$!
{
	archiveVersion = 1;
	classes = {
	};
	objectVersion = 46;
	objects = {

/* Begin PBXBuildFile section */
		432B90A71AD35E24B421199E /* TicTac.swift in Sources */ = {isa = PBXBuildFile; fileRef = 432B90726D4CFE2F1ED75280 /* TicTac.swift */; };
		432B90EF7BA9458988AF6306 /* FLArrays.swift in Sources */ = {isa = PBXBuildFile; fileRef = 432B9A38DD0984F2C164B06B /* FLArrays.swift */; };
		432B93C4954224913526D01F /* FLGLs.swift in Sources */ = {isa = PBXBuildFile; fileRef = 432B9264AE44EFC2BA4E54D5 /* FLGLs.swift */; };
		432B940E421B457A5DC13D01 /* FLPrimitives.swift in Sources */ = {isa = PBXBuildFile; fileRef = 432B9279B461DBEC32738AC7 /* FLPrimitives.swift */; };
		432B94602AF467ED8DB38412 /* FLExtensions.swift in Sources */ = {isa = PBXBuildFile; fileRef = 432B9614D35BB1DC841077D3 /* FLExtensions.swift */; };
		432B947CDF291B4B4E32DFD6 /* Main.storyboard in Resources */ = {isa = PBXBuildFile; fileRef = 432B9F372C53F4930DD6DDBB /* Main.storyboard */; };
		432B95D6ABF88D4B08E6A855 /* AppDelegate.swift in Sources */ = {isa = PBXBuildFile; fileRef = 432B94BF518DAE60B5EF1FEF /* AppDelegate.swift */; };
		432B9660828D4EEF67E10540 /* HomeViewController.swift in Sources */ = {isa = PBXBuildFile; fileRef = 432B9F87A1CA11C7603EB74B /* HomeViewController.swift */; };
		432B9790D7354867BD26F011 /* FLCGFloats.swift in Sources */ = {isa = PBXBuildFile; fileRef = 432B952A49E0CC61226C7B53 /* FLCGFloats.swift */; };
		432B97AC8A7EAA58FDCBE04A /* ShaderProgram.swift in Sources */ = {isa = PBXBuildFile; fileRef = 432B91E10A01DFAC218483EA /* ShaderProgram.swift */; };
		432B981A6EFAA38B219E3757 /* FLLayouts.swift in Sources */ = {isa = PBXBuildFile; fileRef = 432B9F2F0149AFB5D3BD38A8 /* FLLayouts.swift */; };
		432B9A9E0FC80467A4487775 /* FLCollections.swift in Sources */ = {isa = PBXBuildFile; fileRef = 432B9F8AF9C66C361B5AB6BE /* FLCollections.swift */; };
		432B9D17875ABAAFA0F9AE91 /* FLStrings.swift in Sources */ = {isa = PBXBuildFile; fileRef = 432B9CE4FF098083EF56F5CA /* FLStrings.swift */; };
		432B9D78FFA481212FB0ECBA /* Assets.xcassets in Resources */ = {isa = PBXBuildFile; fileRef = 432B9953B5CFEF957DCD3E9E /* Assets.xcassets */; };
		432B9E86AFBD34D9D32095E4 /* FLStructs.swift in Sources */ = {isa = PBXBuildFile; fileRef = 432B970096016E8741E6EF6E /* FLStructs.swift */; };
		432B9F4BDCF83D7913806890 /* ShaderCode.swift in Sources */ = {isa = PBXBuildFile; fileRef = 432B901824584F603C8A440E /* ShaderCode.swift */; };
/* End PBXBuildFile section */

/* Begin PBXFileReference section */
		432B901824584F603C8A440E /* ShaderCode.swift */ = {isa = PBXFileReference; fileEncoding = 4; lastKnownFileType = sourcecode.swift; path = ShaderCode.swift; sourceTree = "<group>"; };
		432B90726D4CFE2F1ED75280 /* TicTac.swift */ = {isa = PBXFileReference; fileEncoding = 4; lastKnownFileType = sourcecode.swift; path = TicTac.swift; sourceTree = "<group>"; };
		432B91E10A01DFAC218483EA /* ShaderProgram.swift */ = {isa = PBXFileReference; fileEncoding = 4; lastKnownFileType = sourcecode.swift; path = ShaderProgram.swift; sourceTree = "<group>"; };
		432B9264AE44EFC2BA4E54D5 /* FLGLs.swift */ = {isa = PBXFileReference; fileEncoding = 4; lastKnownFileType = sourcecode.swift; path = FLGLs.swift; sourceTree = "<group>"; };
		432B9279B461DBEC32738AC7 /* FLPrimitives.swift */ = {isa = PBXFileReference; fileEncoding = 4; lastKnownFileType = sourcecode.swift; path = FLPrimitives.swift; sourceTree = "<group>"; };
		432B94BF518DAE60B5EF1FEF /* AppDelegate.swift */ = {isa = PBXFileReference; lastKnownFileType = sourcecode.swift; path = AppDelegate.swift; sourceTree = "<group>"; };
		432B94F20E0FE19A0ABFB018 /* OpenGLCompile.entitlements */ = {isa = PBXFileReference; lastKnownFileType = text.plist.entitlements; path = OpenGLCompile.entitlements; sourceTree = "<group>"; };
		432B952A49E0CC61226C7B53 /* FLCGFloats.swift */ = {isa = PBXFileReference; fileEncoding = 4; lastKnownFileType = sourcecode.swift; path = FLCGFloats.swift; sourceTree = "<group>"; };
		432B9614D35BB1DC841077D3 /* FLExtensions.swift */ = {isa = PBXFileReference; fileEncoding = 4; lastKnownFileType = sourcecode.swift; path = FLExtensions.swift; sourceTree = "<group>"; };
		432B970096016E8741E6EF6E /* FLStructs.swift */ = {isa = PBXFileReference; fileEncoding = 4; lastKnownFileType = sourcecode.swift; path = FLStructs.swift; sourceTree = "<group>"; };
		432B993FA497F32C265592B9 /* OpenGLCompile.app */ = {isa = PBXFileReference; explicitFileType = wrapper.application; includeInIndex = 0; path = OpenGLCompile.app; sourceTree = BUILT_PRODUCTS_DIR; };
		432B9953B5CFEF957DCD3E9E /* Assets.xcassets */ = {isa = PBXFileReference; lastKnownFileType = folder.assetcatalog; path = Assets.xcassets; sourceTree = "<group>"; };
		432B9A38DD0984F2C164B06B /* FLArrays.swift */ = {isa = PBXFileReference; fileEncoding = 4; lastKnownFileType = sourcecode.swift; path = FLArrays.swift; sourceTree = "<group>"; };
		432B9C12F8056F5FBFBBBA20 /* Base */ = {isa = PBXFileReference; lastKnownFileType = file.storyboard; name = Base; path = Base.lproj/Main.storyboard; sourceTree = "<group>"; };
		432B9C69ECF9A63441773400 /* Info.plist */ = {isa = PBXFileReference; lastKnownFileType = text.plist.info; path = Info.plist; sourceTree = "<group>"; };
		432B9CE4FF098083EF56F5CA /* FLStrings.swift */ = {isa = PBXFileReference; fileEncoding = 4; lastKnownFileType = sourcecode.swift; path = FLStrings.swift; sourceTree = "<group>"; };
		432B9F2F0149AFB5D3BD38A8 /* FLLayouts.swift */ = {isa = PBXFileReference; fileEncoding = 4; lastKnownFileType = sourcecode.swift; path = FLLayouts.swift; sourceTree = "<group>"; };
		432B9F87A1CA11C7603EB74B /* HomeViewController.swift */ = {isa = PBXFileReference; fileEncoding = 4; lastKnownFileType = sourcecode.swift; path = HomeViewController.swift; sourceTree = "<group>"; };
		432B9F8AF9C66C361B5AB6BE /* FLCollections.swift */ = {isa = PBXFileReference; fileEncoding = 4; lastKnownFileType = sourcecode.swift; path = FLCollections.swift; sourceTree = "<group>"; };
/* End PBXFileReference section */

/* Begin PBXFrameworksBuildPhase section */
		432B918E7F1A9CE2942BA99C /* Frameworks */ = {
			isa = PBXFrameworksBuildPhase;
			buildActionMask = 2147483647;
			files = (
			);
			runOnlyForDeploymentPostprocessing = 0;
		};
/* End PBXFrameworksBuildPhase section */

/* Begin PBXGroup section */
		432B916ED466764ADFA0C0ED /* main */ = {
			isa = PBXGroup;
			children = (
				432B9958351D26FB5AC7B5CD /* ui */,
				432B9ECFF6068C1F95EAEF7B /* flgpuimage */,
				432B9D842D88BA0823DCAA6F /* flymyios */,
			);
			path = main;
			sourceTree = "<group>";
		};
		432B91E2A1F37787DD2ABAC9 = {
			isa = PBXGroup;
			children = (
				432B978D3C12A89ADA4BF505 /* Products */,
				432B940F9F233F0915B56A8F /* OpenGLCompile */,
			);
			sourceTree = "<group>";
		};
		432B92AB90AACC778CD8E616 /* tool */ = {
			isa = PBXGroup;
			children = (
				432B90726D4CFE2F1ED75280 /* TicTac.swift */,
			);
			path = tool;
			sourceTree = "<group>";
		};
		432B93925A1CFB209CD231D8 /* ui */ = {
			isa = PBXGroup;
			children = (
				432B9F2F0149AFB5D3BD38A8 /* FLLayouts.swift */,
			);
			path = ui;
			sourceTree = "<group>";
		};
		432B940F9F233F0915B56A8F /* OpenGLCompile */ = {
			isa = PBXGroup;
			children = (
				432B9C69ECF9A63441773400 /* Info.plist */,
				432B9953B5CFEF957DCD3E9E /* Assets.xcassets */,
				432B94F20E0FE19A0ABFB018 /* OpenGLCompile.entitlements */,
				432B94BF518DAE60B5EF1FEF /* AppDelegate.swift */,
				432B9F372C53F4930DD6DDBB /* Main.storyboard */,
				432B9DB66088EAE5062D1AC4 /* src */,
			);
			path = OpenGLCompile;
			sourceTree = "<group>";
		};
		432B978D3C12A89ADA4BF505 /* Products */ = {
			isa = PBXGroup;
			children = (
				432B993FA497F32C265592B9 /* OpenGLCompile.app */,
			);
			name = Products;
			sourceTree = "<group>";
		};
		432B9958351D26FB5AC7B5CD /* ui */ = {
			isa = PBXGroup;
			children = (
				432B9BB52C0A7B937B0C66C2 /* home */,
			);
			path = ui;
			sourceTree = "<group>";
		};
		432B9A53555415350867589B /* lang */ = {
			isa = PBXGroup;
			children = (
				432B9A38DD0984F2C164B06B /* FLArrays.swift */,
				432B9CE4FF098083EF56F5CA /* FLStrings.swift */,
				432B970096016E8741E6EF6E /* FLStructs.swift */,
				432B952A49E0CC61226C7B53 /* FLCGFloats.swift */,
				432B9614D35BB1DC841077D3 /* FLExtensions.swift */,
				432B9279B461DBEC32738AC7 /* FLPrimitives.swift */,
				432B9F8AF9C66C361B5AB6BE /* FLCollections.swift */,
			);
			path = lang;
			sourceTree = "<group>";
		};
		432B9BB52C0A7B937B0C66C2 /* home */ = {
			isa = PBXGroup;
			children = (
				432B9F87A1CA11C7603EB74B /* HomeViewController.swift */,
			);
			path = home;
			sourceTree = "<group>";
		};
		432B9D842D88BA0823DCAA6F /* flymyios */ = {
			isa = PBXGroup;
			children = (
				432B93925A1CFB209CD231D8 /* ui */,
				432B9A53555415350867589B /* lang */,
				432B92AB90AACC778CD8E616 /* tool */,
			);
			path = flymyios;
			sourceTree = "<group>";
		};
		432B9DB66088EAE5062D1AC4 /* src */ = {
			isa = PBXGroup;
			children = (
				432B916ED466764ADFA0C0ED /* main */,
			);
			path = src;
			sourceTree = "<group>";
		};
		432B9ECFF6068C1F95EAEF7B /* flgpuimage */ = {
			isa = PBXGroup;
			children = (
				432B9264AE44EFC2BA4E54D5 /* FLGLs.swift */,
				432B91E10A01DFAC218483EA /* ShaderProgram.swift */,
				432B901824584F603C8A440E /* ShaderCode.swift */,
			);
			path = flgpuimage;
			sourceTree = "<group>";
		};
/* End PBXGroup section */

/* Begin PBXNativeTarget section */
		432B99A44D64486A972599EB /* OpenGLCompile */ = {
			isa = PBXNativeTarget;
			buildConfigurationList = 432B9257002EACB54C9AC8A9 /* Build configuration list for PBXNativeTarget "OpenGLCompile" */;
			buildPhases = (
				432B9726EF34339A0A805CFD /* Sources */,
				432B918E7F1A9CE2942BA99C /* Frameworks */,
				432B904F780BC182C0A97551 /* Resources */,
			);
			buildRules = (
			);
			dependencies = (
			);
			name = OpenGLCompile;
			productName = OpenGLCompile;
			productReference = 432B993FA497F32C265592B9 /* OpenGLCompile.app */;
			productType = "com.apple.product-type.application";
		};
/* End PBXNativeTarget section */

/* Begin PBXProject section */
		432B91C526596F307B1D4473 /* Project object */ = {
			isa = PBXProject;
			attributes = {
			};
			buildConfigurationList = 432B9C1E1FBA493B178CAA5B /* Build configuration list for PBXProject "OpenGLCompile" */;
			compatibilityVersion = "Xcode 3.2";
			developmentRegion = English;
			hasScannedForEncodings = 0;
			knownRegions = (
				English,
				en,
				Base,
			);
			mainGroup = 432B91E2A1F37787DD2ABAC9;
			productRefGroup = 432B978D3C12A89ADA4BF505 /* Products */;
			projectDirPath = "";
			projectRoot = "";
			targets = (
				432B99A44D64486A972599EB /* OpenGLCompile */,
			);
		};
/* End PBXProject section */

/* Begin PBXResourcesBuildPhase section */
		432B904F780BC182C0A97551 /* Resources */ = {
			isa = PBXResourcesBuildPhase;
			buildActionMask = 2147483647;
			files = (
				432B9D78FFA481212FB0ECBA /* Assets.xcassets in Resources */,
				432B947CDF291B4B4E32DFD6 /* Main.storyboard in Resources */,
			);
			runOnlyForDeploymentPostprocessing = 0;
		};
/* End PBXResourcesBuildPhase section */

/* Begin PBXSourcesBuildPhase section */
		432B9726EF34339A0A805CFD /* Sources */ = {
			isa = PBXSourcesBuildPhase;
			buildActionMask = 2147483647;
			files = (
				432B95D6ABF88D4B08E6A855 /* AppDelegate.swift in Sources */,
				432B9660828D4EEF67E10540 /* HomeViewController.swift in Sources */,
				432B93C4954224913526D01F /* FLGLs.swift in Sources */,
				432B97AC8A7EAA58FDCBE04A /* ShaderProgram.swift in Sources */,
				432B981A6EFAA38B219E3757 /* FLLayouts.swift in Sources */,
				432B90EF7BA9458988AF6306 /* FLArrays.swift in Sources */,
				432B9D17875ABAAFA0F9AE91 /* FLStrings.swift in Sources */,
				432B9E86AFBD34D9D32095E4 /* FLStructs.swift in Sources */,
				432B9790D7354867BD26F011 /* FLCGFloats.swift in Sources */,
				432B94602AF467ED8DB38412 /* FLExtensions.swift in Sources */,
				432B940E421B457A5DC13D01 /* FLPrimitives.swift in Sources */,
				432B9A9E0FC80467A4487775 /* FLCollections.swift in Sources */,
				432B90A71AD35E24B421199E /* TicTac.swift in Sources */,
				432B9F4BDCF83D7913806890 /* ShaderCode.swift in Sources */,
			);
			runOnlyForDeploymentPostprocessing = 0;
		};
/* End PBXSourcesBuildPhase section */

/* Begin PBXVariantGroup section */
		432B9F372C53F4930DD6DDBB /* Main.storyboard */ = {
			isa = PBXVariantGroup;
			children = (
				432B9C12F8056F5FBFBBBA20 /* Base */,
			);
			name = Main.storyboard;
			sourceTree = "<group>";
		};
/* End PBXVariantGroup section */

/* Begin XCBuildConfiguration section */
		432B91E100086C4E87805670 /* Release */ = {
			isa = XCBuildConfiguration;
			buildSettings = {
				ASSETCATALOG_COMPILER_APPICON_NAME = AppIcon;
				ASSETCATALOG_COMPILER_GLOBAL_ACCENT_COLOR_NAME = AccentColor;
				CODE_SIGN_ENTITLEMENTS = OpenGLCompile/OpenGLCompile.entitlements;
				COMBINE_HIDPI_IMAGES = YES;
				INFOPLIST_FILE = OpenGLCompile/Info.plist;
				LD_RUNPATH_SEARCH_PATHS = "$(inherited) @executable_path/../Frameworks";
				PRODUCT_BUNDLE_IDENTIFIER = com.flyingkite.OpenGLCompile;
				PRODUCT_NAME = "$(TARGET_NAME)";
				SWIFT_VERSION = 5.0;
			};
			name = Release;
		};
		432B9382341B43B232E07E33 /* Debug */ = {
			isa = XCBuildConfiguration;
			buildSettings = {
				ALWAYS_SEARCH_USER_PATHS = NO;
				CLANG_ANALYZER_NONNULL = YES;
				CLANG_ANALYZER_NUMBER_OBJECT_CONVERSION = YES_AGGRESSIVE;
				CLANG_CXX_LANGUAGE_STANDARD = "gnu++14";
				CLANG_CXX_LIBRARY = "libc++";
				CLANG_ENABLE_MODULES = YES;
				CLANG_ENABLE_OBJC_ARC = YES;
				CLANG_ENABLE_OBJC_WEAK = YES;
				CLANG_WARN_BLOCK_CAPTURE_AUTORELEASING = YES;
				CLANG_WARN_BOOL_CONVERSION = YES;
				CLANG_WARN_COMMA = YES;
				CLANG_WARN_CONSTANT_CONVERSION = YES;
				CLANG_WARN_DEPRECATED_OBJC_IMPLEMENTATIONS = YES;
				CLANG_WARN_DIRECT_OBJC_ISA_USAGE = YES_ERROR;
				CLANG_WARN_DOCUMENTATION_COMMENTS = YES;
				CLANG_WARN_EMPTY_BODY = YES;
				CLANG_WARN_ENUM_CONVERSION = YES;
				CLANG_WARN_INFINITE_RECURSION = YES;
				CLANG_WARN_INT_CONVERSION = YES;
				CLANG_WARN_NON_LITERAL_NULL_CONVERSION = YES;
				CLANG_WARN_OBJC_IMPLICIT_RETAIN_SELF = YES;
				CLANG_WARN_OBJC_LITERAL_CONVERSION = YES;
				CLANG_WARN_OBJC_ROOT_CLASS = YES_ERROR;
				CLANG_WARN_QUOTED_INCLUDE_IN_FRAMEWORK_HEADER = YES;
				CLANG_WARN_RANGE_LOOP_ANALYSIS = YES;
				CLANG_WARN_STRICT_PROTOTYPES = YES;
				CLANG_WARN_SUSPICIOUS_MOVE = YES;
				CLANG_WARN_UNGUARDED_AVAILABILITY = YES_AGGRESSIVE;
				CLANG_WARN_UNREACHABLE_CODE = YES;
				CLANG_WARN__DUPLICATE_METHOD_MATCH = YES;
				COPY_PHASE_STRIP = NO;
				DEBUG_INFORMATION_FORMAT = dwarf;
				ENABLE_STRICT_OBJC_MSGSEND = YES;
				ENABLE_TESTABILITY = YES;
				GCC_C_LANGUAGE_STANDARD = gnu11;
				GCC_DYNAMIC_NO_PIC = NO;
				GCC_NO_COMMON_BLOCKS = YES;
				GCC_OPTIMIZATION_LEVEL = 0;
				GCC_PREPROCESSOR_DEFINITIONS = (
					"DEBUG=1",
					"$(inherited)",
				);
				GCC_WARN_64_TO_32_BIT_CONVERSION = YES;
				GCC_WARN_ABOUT_RETURN_TYPE = YES_ERROR;
				GCC_WARN_UNDECLARED_SELECTOR = YES;
				GCC_WARN_UNINITIALIZED_AUTOS = YES_AGGRESSIVE;
				GCC_WARN_UNUSED_FUNCTION = YES;
				GCC_WARN_UNUSED_VARIABLE = YES;
				MACOSX_DEPLOYMENT_TARGET = 10.16;
				MTL_ENABLE_DEBUG_INFO = INCLUDE_SOURCE;
				MTL_FAST_MATH = YES;
				ONLY_ACTIVE_ARCH = YES;
				SDKROOT = macosx;
				SWIFT_ACTIVE_COMPILATION_CONDITIONS = DEBUG;
				SWIFT_OPTIMIZATION_LEVEL = "-Onone";
			};
			name = Debug;
		};
		432B94EF87F2DDC78DF6D911 /* Release */ = {
			isa = XCBuildConfiguration;
			buildSettings = {
				ALWAYS_SEARCH_USER_PATHS = NO;
				CLANG_ANALYZER_NONNULL = YES;
				CLANG_ANALYZER_NUMBER_OBJECT_CONVERSION = YES_AGGRESSIVE;
				CLANG_CXX_LANGUAGE_STANDARD = "gnu++14";
				CLANG_CXX_LIBRARY = "libc++";
				CLANG_ENABLE_MODULES = YES;
				CLANG_ENABLE_OBJC_ARC = YES;
				CLANG_ENABLE_OBJC_WEAK = YES;
				CLANG_WARN_BLOCK_CAPTURE_AUTORELEASING = YES;
				CLANG_WARN_BOOL_CONVERSION = YES;
				CLANG_WARN_COMMA = YES;
				CLANG_WARN_CONSTANT_CONVERSION = YES;
				CLANG_WARN_DEPRECATED_OBJC_IMPLEMENTATIONS = YES;
				CLANG_WARN_DIRECT_OBJC_ISA_USAGE = YES_ERROR;
				CLANG_WARN_DOCUMENTATION_COMMENTS = YES;
				CLANG_WARN_EMPTY_BODY = YES;
				CLANG_WARN_ENUM_CONVERSION = YES;
				CLANG_WARN_INFINITE_RECURSION = YES;
				CLANG_WARN_INT_CONVERSION = YES;
				CLANG_WARN_NON_LITERAL_NULL_CONVERSION = YES;
				CLANG_WARN_OBJC_IMPLICIT_RETAIN_SELF = YES;
				CLANG_WARN_OBJC_LITERAL_CONVERSION = YES;
				CLANG_WARN_OBJC_ROOT_CLASS = YES_ERROR;
				CLANG_WARN_QUOTED_INCLUDE_IN_FRAMEWORK_HEADER = YES;
				CLANG_WARN_RANGE_LOOP_ANALYSIS = YES;
				CLANG_WARN_STRICT_PROTOTYPES = YES;
				CLANG_WARN_SUSPICIOUS_MOVE = YES;
				CLANG_WARN_UNGUARDED_AVAILABILITY = YES_AGGRESSIVE;
				CLANG_WARN_UNREACHABLE_CODE = YES;
				CLANG_WARN__DUPLICATE_METHOD_MATCH = YES;
				COPY_PHASE_STRIP = NO;
				DEBUG_INFORMATION_FORMAT = "dwarf-with-dsym";
				ENABLE_NS_ASSERTIONS = NO;
				ENABLE_STRICT_OBJC_MSGSEND = YES;
				GCC_C_LANGUAGE_STANDARD = gnu11;
				GCC_NO_COMMON_BLOCKS = YES;
				GCC_WARN_64_TO_32_BIT_CONVERSION = YES;
				GCC_WARN_ABOUT_RETURN_TYPE = YES_ERROR;
				GCC_WARN_UNDECLARED_SELECTOR = YES;
				GCC_WARN_UNINITIALIZED_AUTOS = YES_AGGRESSIVE;
				GCC_WARN_UNUSED_FUNCTION = YES;
				GCC_WARN_UNUSED_VARIABLE = YES;
				MACOSX_DEPLOYMENT_TARGET = 10.16;
				MTL_ENABLE_DEBUG_INFO = NO;
				MTL_FAST_MATH = YES;
				SDKROOT = macosx;
				SWIFT_OPTIMIZATION_LEVEL = "-Owholemodule";
			};
			name = Release;
		};
		432B999BB011DDEDF667D3BC /* Debug */ = {
			isa = XCBuildConfiguration;
			buildSettings = {
				ASSETCATALOG_COMPILER_APPICON_NAME = AppIcon;
				ASSETCATALOG_COMPILER_GLOBAL_ACCENT_COLOR_NAME = AccentColor;
				CODE_SIGN_ENTITLEMENTS = OpenGLCompile/OpenGLCompile.entitlements;
				COMBINE_HIDPI_IMAGES = YES;
				INFOPLIST_FILE = OpenGLCompile/Info.plist;
				LD_RUNPATH_SEARCH_PATHS = "$(inherited) @executable_path/../Frameworks";
				PRODUCT_BUNDLE_IDENTIFIER = com.flyingkite.OpenGLCompile;
				PRODUCT_NAME = "$(TARGET_NAME)";
				SWIFT_VERSION = 5.0;
			};
			name = Debug;
		};
/* End XCBuildConfiguration section */

/* Begin XCConfigurationList section */
		432B9257002EACB54C9AC8A9 /* Build configuration list for PBXNativeTarget "OpenGLCompile" */ = {
			isa = XCConfigurationList;
			buildConfigurations = (
				432B999BB011DDEDF667D3BC /* Debug */,
				432B91E100086C4E87805670 /* Release */,
			);
			defaultConfigurationIsVisible = 0;
			defaultConfigurationName = Release;
		};
		432B9C1E1FBA493B178CAA5B /* Build configuration list for PBXProject "OpenGLCompile" */ = {
			isa = XCConfigurationList;
			buildConfigurations = (
				432B9382341B43B232E07E33 /* Debug */,
				432B94EF87F2DDC78DF6D911 /* Release */,
			);
			defaultConfigurationIsVisible = 0;
			defaultConfigurationName = Release;
		};
/* End XCConfigurationList section */
	};
	rootObject = 432B91C526596F307B1D4473 /* Project object */;
}
